
Microsoft Visual Studio Solution File, Format Version 12.00
Project("{FAE04EC0-301F-11D3-BF4B-00C04F79EFBC}") = "kata1", "kata1\kata1.csproj", "{747CE3A3-6716-48C4-B8F3-5A7216B900FC}"
EndProject
Project("{FAE04EC0-301F-11D3-BF4B-00C04F79EFBC}") = "mini-kata1", "mini-kata1\mini-kata1.csproj", "{99FBFBAA-EC6E-411A-B6DC-308C2CBEDC21}"
EndProject
Project("{FAE04EC0-301F-11D3-BF4B-00C04F79EFBC}") = "mini-kata2", "mini-kata2\mini-kata2.csproj", "{DE690346-3C53-4A57-A919-2D441268FE1D}"
EndProject
Project("{FAE04EC0-301F-11D3-BF4B-00C04F79EFBC}") = "mini-kata3", "mini-kata3\mini-kata3.csproj", "{9FDCFEDC-5169-4D52-B64F-B3B2D4AE0530}"
EndProject
Project("{FAE04EC0-301F-11D3-BF4B-00C04F79EFBC}") = "kata 2", "kata 2\kata 2.csproj", "{A31A39D5-BF38-4915-8C8C-C65E3CDA08BC}"
EndProject
Project("{FAE04EC0-301F-11D3-BF4B-00C04F79EFBC}") = "mini-kata 4", "mini-kata 4\mini-kata 4.csproj", "{CCBFEDF3-FBEE-4279-9B48-DFF4AAF57D84}"
EndProject
Project("{FAE04EC0-301F-11D3-BF4B-00C04F79EFBC}") = "kata 3", "kata 3\kata 3.csproj", "{DB97EA88-96F5-4F0C-AAD0-490C6233A379}"
EndProject
Project("{FAE04EC0-301F-11D3-BF4B-00C04F79EFBC}") = "exam kata", "exam kata\exam kata.csproj", "{68E2381F-9405-4C46-B55B-DFDA0B845272}"
EndProject
Project("{FAE04EC0-301F-11D3-BF4B-00C04F79EFBC}") = "kata 4", "kata 4\kata 4.csproj", "{C6F89E5A-0440-4887-A682-471FD09DF3FA}"
EndProject
Global
	GlobalSection(SolutionConfigurationPlatforms) = preSolution
		Debug|Any CPU = Debug|Any CPU
		Release|Any CPU = Release|Any CPU
	EndGlobalSection
	GlobalSection(ProjectConfigurationPlatforms) = postSolution
		{747CE3A3-6716-48C4-B8F3-5A7216B900FC}.Debug|Any CPU.ActiveCfg = Debug|Any CPU
		{747CE3A3-6716-48C4-B8F3-5A7216B900FC}.Debug|Any CPU.Build.0 = Debug|Any CPU
		{747CE3A3-6716-48C4-B8F3-5A7216B900FC}.Release|Any CPU.ActiveCfg = Release|Any CPU
		{747CE3A3-6716-48C4-B8F3-5A7216B900FC}.Release|Any CPU.Build.0 = Release|Any CPU
		{99FBFBAA-EC6E-411A-B6DC-308C2CBEDC21}.Debug|Any CPU.ActiveCfg = Debug|Any CPU
		{99FBFBAA-EC6E-411A-B6DC-308C2CBEDC21}.Debug|Any CPU.Build.0 = Debug|Any CPU
		{99FBFBAA-EC6E-411A-B6DC-308C2CBEDC21}.Release|Any CPU.ActiveCfg = Release|Any CPU
		{99FBFBAA-EC6E-411A-B6DC-308C2CBEDC21}.Release|Any CPU.Build.0 = Release|Any CPU
		{DE690346-3C53-4A57-A919-2D441268FE1D}.Debug|Any CPU.ActiveCfg = Debug|Any CPU
		{DE690346-3C53-4A57-A919-2D441268FE1D}.Debug|Any CPU.Build.0 = Debug|Any CPU
		{DE690346-3C53-4A57-A919-2D441268FE1D}.Release|Any CPU.ActiveCfg = Release|Any CPU
		{DE690346-3C53-4A57-A919-2D441268FE1D}.Release|Any CPU.Build.0 = Release|Any CPU
		{9FDCFEDC-5169-4D52-B64F-B3B2D4AE0530}.Debug|Any CPU.ActiveCfg = Debug|Any CPU
		{9FDCFEDC-5169-4D52-B64F-B3B2D4AE0530}.Debug|Any CPU.Build.0 = Debug|Any CPU
		{9FDCFEDC-5169-4D52-B64F-B3B2D4AE0530}.Release|Any CPU.ActiveCfg = Release|Any CPU
		{9FDCFEDC-5169-4D52-B64F-B3B2D4AE0530}.Release|Any CPU.Build.0 = Release|Any CPU
		{A31A39D5-BF38-4915-8C8C-C65E3CDA08BC}.Debug|Any CPU.ActiveCfg = Debug|Any CPU
		{A31A39D5-BF38-4915-8C8C-C65E3CDA08BC}.Debug|Any CPU.Build.0 = Debug|Any CPU
		{A31A39D5-BF38-4915-8C8C-C65E3CDA08BC}.Release|Any CPU.ActiveCfg = Release|Any CPU
		{A31A39D5-BF38-4915-8C8C-C65E3CDA08BC}.Release|Any CPU.Build.0 = Release|Any CPU
		{CCBFEDF3-FBEE-4279-9B48-DFF4AAF57D84}.Debug|Any CPU.ActiveCfg = Debug|Any CPU
		{CCBFEDF3-FBEE-4279-9B48-DFF4AAF57D84}.Debug|Any CPU.Build.0 = Debug|Any CPU
		{CCBFEDF3-FBEE-4279-9B48-DFF4AAF57D84}.Release|Any CPU.ActiveCfg = Release|Any CPU
		{CCBFEDF3-FBEE-4279-9B48-DFF4AAF57D84}.Release|Any CPU.Build.0 = Release|Any CPU
		{DB97EA88-96F5-4F0C-AAD0-490C6233A379}.Debug|Any CPU.ActiveCfg = Debug|Any CPU
		{DB97EA88-96F5-4F0C-AAD0-490C6233A379}.Debug|Any CPU.Build.0 = Debug|Any CPU
		{DB97EA88-96F5-4F0C-AAD0-490C6233A379}.Release|Any CPU.ActiveCfg = Release|Any CPU
		{DB97EA88-96F5-4F0C-AAD0-490C6233A379}.Release|Any CPU.Build.0 = Release|Any CPU
		{68E2381F-9405-4C46-B55B-DFDA0B845272}.Debug|Any CPU.ActiveCfg = Debug|Any CPU
		{68E2381F-9405-4C46-B55B-DFDA0B845272}.Debug|Any CPU.Build.0 = Debug|Any CPU
		{68E2381F-9405-4C46-B55B-DFDA0B845272}.Release|Any CPU.ActiveCfg = Release|Any CPU
		{68E2381F-9405-4C46-B55B-DFDA0B845272}.Release|Any CPU.Build.0 = Release|Any CPU
		{C6F89E5A-0440-4887-A682-471FD09DF3FA}.Debug|Any CPU.ActiveCfg = Debug|Any CPU
		{C6F89E5A-0440-4887-A682-471FD09DF3FA}.Debug|Any CPU.Build.0 = Debug|Any CPU
		{C6F89E5A-0440-4887-A682-471FD09DF3FA}.Release|Any CPU.ActiveCfg = Release|Any CPU
		{C6F89E5A-0440-4887-A682-471FD09DF3FA}.Release|Any CPU.Build.0 = Release|Any CPU
	EndGlobalSection
EndGlobal
